// !$*UTF8*$!
{
	archiveVersion = 1;
	classes = {
	};
	objectVersion = 50;
	objects = {

/* Begin PBXBuildFile section */
		6F6D35832472BCA500540366 /* AppDelegate.swift in Sources */ = {isa = PBXBuildFile; fileRef = 6F6D35822472BCA500540366 /* AppDelegate.swift */; };
		6F6D35852472BCA500540366 /* SceneDelegate.swift in Sources */ = {isa = PBXBuildFile; fileRef = 6F6D35842472BCA500540366 /* SceneDelegate.swift */; };
		6F6D35882472BCA500540366 /* QuizTap.xcdatamodeld in Sources */ = {isa = PBXBuildFile; fileRef = 6F6D35862472BCA500540366 /* QuizTap.xcdatamodeld */; };
		6F6D358A2472BCA500540366 /* ContentView.swift in Sources */ = {isa = PBXBuildFile; fileRef = 6F6D35892472BCA500540366 /* ContentView.swift */; };
		6F6D358C2472BCB000540366 /* Assets.xcassets in Resources */ = {isa = PBXBuildFile; fileRef = 6F6D358B2472BCAF00540366 /* Assets.xcassets */; };
		6F6D358F2472BCB000540366 /* Preview Assets.xcassets in Resources */ = {isa = PBXBuildFile; fileRef = 6F6D358E2472BCB000540366 /* Preview Assets.xcassets */; };
		6F6D35922472BCB000540366 /* LaunchScreen.storyboard in Resources */ = {isa = PBXBuildFile; fileRef = 6F6D35902472BCB000540366 /* LaunchScreen.storyboard */; };
		6F6D359D2472BCB000540366 /* QuizTapTests.swift in Sources */ = {isa = PBXBuildFile; fileRef = 6F6D359C2472BCB000540366 /* QuizTapTests.swift */; };
		6F6D35A82472BCB000540366 /* QuizTapUITests.swift in Sources */ = {isa = PBXBuildFile; fileRef = 6F6D35A72472BCB000540366 /* QuizTapUITests.swift */; };
/* End PBXBuildFile section */

/* Begin PBXContainerItemProxy section */
		6F6D35992472BCB000540366 /* PBXContainerItemProxy */ = {
			isa = PBXContainerItemProxy;
			containerPortal = 6F6D35772472BCA500540366 /* Project object */;
			proxyType = 1;
			remoteGlobalIDString = 6F6D357E2472BCA500540366;
			remoteInfo = QuizTap;
		};
		6F6D35A42472BCB000540366 /* PBXContainerItemProxy */ = {
			isa = PBXContainerItemProxy;
			containerPortal = 6F6D35772472BCA500540366 /* Project object */;
			proxyType = 1;
			remoteGlobalIDString = 6F6D357E2472BCA500540366;
			remoteInfo = QuizTap;
		};
/* End PBXContainerItemProxy section */

/* Begin PBXFileReference section */
		6F6D357F2472BCA500540366 /* QuizTap.app */ = {isa = PBXFileReference; explicitFileType = wrapper.application; includeInIndex = 0; path = QuizTap.app; sourceTree = BUILT_PRODUCTS_DIR; };
		6F6D35822472BCA500540366 /* AppDelegate.swift */ = {isa = PBXFileReference; lastKnownFileType = sourcecode.swift; path = AppDelegate.swift; sourceTree = "<group>"; };
		6F6D35842472BCA500540366 /* SceneDelegate.swift */ = {isa = PBXFileReference; lastKnownFileType = sourcecode.swift; path = SceneDelegate.swift; sourceTree = "<group>"; };
		6F6D35872472BCA500540366 /* QuizTap.xcdatamodel */ = {isa = PBXFileReference; lastKnownFileType = wrapper.xcdatamodel; path = QuizTap.xcdatamodel; sourceTree = "<group>"; };
		6F6D35892472BCA500540366 /* ContentView.swift */ = {isa = PBXFileReference; lastKnownFileType = sourcecode.swift; path = ContentView.swift; sourceTree = "<group>"; };
		6F6D358B2472BCAF00540366 /* Assets.xcassets */ = {isa = PBXFileReference; lastKnownFileType = folder.assetcatalog; path = Assets.xcassets; sourceTree = "<group>"; };
		6F6D358E2472BCB000540366 /* Preview Assets.xcassets */ = {isa = PBXFileReference; lastKnownFileType = folder.assetcatalog; path = "Preview Assets.xcassets"; sourceTree = "<group>"; };
		6F6D35912472BCB000540366 /* Base */ = {isa = PBXFileReference; lastKnownFileType = file.storyboard; name = Base; path = Base.lproj/LaunchScreen.storyboard; sourceTree = "<group>"; };
		6F6D35932472BCB000540366 /* Info.plist */ = {isa = PBXFileReference; lastKnownFileType = text.plist.xml; path = Info.plist; sourceTree = "<group>"; };
		6F6D35982472BCB000540366 /* QuizTapTests.xctest */ = {isa = PBXFileReference; explicitFileType = wrapper.cfbundle; includeInIndex = 0; path = QuizTapTests.xctest; sourceTree = BUILT_PRODUCTS_DIR; };
		6F6D359C2472BCB000540366 /* QuizTapTests.swift */ = {isa = PBXFileReference; lastKnownFileType = sourcecode.swift; path = QuizTapTests.swift; sourceTree = "<group>"; };
		6F6D359E2472BCB000540366 /* Info.plist */ = {isa = PBXFileReference; lastKnownFileType = text.plist.xml; path = Info.plist; sourceTree = "<group>"; };
		6F6D35A32472BCB000540366 /* QuizTapUITests.xctest */ = {isa = PBXFileReference; explicitFileType = wrapper.cfbundle; includeInIndex = 0; path = QuizTapUITests.xctest; sourceTree = BUILT_PRODUCTS_DIR; };
		6F6D35A72472BCB000540366 /* QuizTapUITests.swift */ = {isa = PBXFileReference; lastKnownFileType = sourcecode.swift; path = QuizTapUITests.swift; sourceTree = "<group>"; };
		6F6D35A92472BCB000540366 /* Info.plist */ = {isa = PBXFileReference; lastKnownFileType = text.plist.xml; path = Info.plist; sourceTree = "<group>"; };
/* End PBXFileReference section */

/* Begin PBXFrameworksBuildPhase section */
		6F6D357C2472BCA500540366 /* Frameworks */ = {
			isa = PBXFrameworksBuildPhase;
			buildActionMask = 2147483647;
			files = (
			);
			runOnlyForDeploymentPostprocessing = 0;
		};
		6F6D35952472BCB000540366 /* Frameworks */ = {
			isa = PBXFrameworksBuildPhase;
			buildActionMask = 2147483647;
			files = (
			);
			runOnlyForDeploymentPostprocessing = 0;
		};
		6F6D35A02472BCB000540366 /* Frameworks */ = {
			isa = PBXFrameworksBuildPhase;
			buildActionMask = 2147483647;
			files = (
			);
			runOnlyForDeploymentPostprocessing = 0;
		};
/* End PBXFrameworksBuildPhase section */

/* Begin PBXGroup section */
		6F6D35762472BCA500540366 = {
			isa = PBXGroup;
			children = (
				6F6D35812472BCA500540366 /* QuizTap */,
				6F6D359B2472BCB000540366 /* QuizTapTests */,
				6F6D35A62472BCB000540366 /* QuizTapUITests */,
				6F6D35802472BCA500540366 /* Products */,
			);
			sourceTree = "<group>";
		};
		6F6D35802472BCA500540366 /* Products */ = {
			isa = PBXGroup;
			children = (
				6F6D357F2472BCA500540366 /* QuizTap.app */,
				6F6D35982472BCB000540366 /* QuizTapTests.xctest */,
				6F6D35A32472BCB000540366 /* QuizTapUITests.xctest */,
			);
			name = Products;
			sourceTree = "<group>";
		};
		6F6D35812472BCA500540366 /* QuizTap */ = {
			isa = PBXGroup;
			children = (
				6F6D35822472BCA500540366 /* AppDelegate.swift */,
				6F6D35842472BCA500540366 /* SceneDelegate.swift */,
				6F6D35892472BCA500540366 /* ContentView.swift */,
				6F6D358B2472BCAF00540366 /* Assets.xcassets */,
				6F6D35902472BCB000540366 /* LaunchScreen.storyboard */,
				6F6D35932472BCB000540366 /* Info.plist */,
				6F6D35862472BCA500540366 /* QuizTap.xcdatamodeld */,
				6F6D358D2472BCB000540366 /* Preview Content */,
			);
			path = QuizTap;
			sourceTree = "<group>";
		};
		6F6D358D2472BCB000540366 /* Preview Content */ = {
			isa = PBXGroup;
			children = (
				6F6D358E2472BCB000540366 /* Preview Assets.xcassets */,
			);
			path = "Preview Content";
			sourceTree = "<group>";
		};
		6F6D359B2472BCB000540366 /* QuizTapTests */ = {
			isa = PBXGroup;
			children = (
				6F6D359C2472BCB000540366 /* QuizTapTests.swift */,
				6F6D359E2472BCB000540366 /* Info.plist */,
			);
			path = QuizTapTests;
			sourceTree = "<group>";
		};
		6F6D35A62472BCB000540366 /* QuizTapUITests */ = {
			isa = PBXGroup;
			children = (
				6F6D35A72472BCB000540366 /* QuizTapUITests.swift */,
				6F6D35A92472BCB000540366 /* Info.plist */,
			);
			path = QuizTapUITests;
			sourceTree = "<group>";
		};
/* End PBXGroup section */

/* Begin PBXNativeTarget section */
		6F6D357E2472BCA500540366 /* QuizTap */ = {
			isa = PBXNativeTarget;
			buildConfigurationList = 6F6D35AC2472BCB000540366 /* Build configuration list for PBXNativeTarget "QuizTap" */;
			buildPhases = (
				6F6D357B2472BCA500540366 /* Sources */,
				6F6D357C2472BCA500540366 /* Frameworks */,
				6F6D357D2472BCA500540366 /* Resources */,
			);
			buildRules = (
			);
			dependencies = (
			);
			name = QuizTap;
			productName = QuizTap;
			productReference = 6F6D357F2472BCA500540366 /* QuizTap.app */;
			productType = "com.apple.product-type.application";
		};
		6F6D35972472BCB000540366 /* QuizTapTests */ = {
			isa = PBXNativeTarget;
			buildConfigurationList = 6F6D35AF2472BCB000540366 /* Build configuration list for PBXNativeTarget "QuizTapTests" */;
			buildPhases = (
				6F6D35942472BCB000540366 /* Sources */,
				6F6D35952472BCB000540366 /* Frameworks */,
				6F6D35962472BCB000540366 /* Resources */,
			);
			buildRules = (
			);
			dependencies = (
				6F6D359A2472BCB000540366 /* PBXTargetDependency */,
			);
			name = QuizTapTests;
			productName = QuizTapTests;
			productReference = 6F6D35982472BCB000540366 /* QuizTapTests.xctest */;
			productType = "com.apple.product-type.bundle.unit-test";
		};
		6F6D35A22472BCB000540366 /* QuizTapUITests */ = {
			isa = PBXNativeTarget;
			buildConfigurationList = 6F6D35B22472BCB000540366 /* Build configuration list for PBXNativeTarget "QuizTapUITests" */;
			buildPhases = (
				6F6D359F2472BCB000540366 /* Sources */,
				6F6D35A02472BCB000540366 /* Frameworks */,
				6F6D35A12472BCB000540366 /* Resources */,
			);
			buildRules = (
			);
			dependencies = (
				6F6D35A52472BCB000540366 /* PBXTargetDependency */,
			);
			name = QuizTapUITests;
			productName = QuizTapUITests;
			productReference = 6F6D35A32472BCB000540366 /* QuizTapUITests.xctest */;
			productType = "com.apple.product-type.bundle.ui-testing";
		};
/* End PBXNativeTarget section */

/* Begin PBXProject section */
		6F6D35772472BCA500540366 /* Project object */ = {
			isa = PBXProject;
			attributes = {
				LastSwiftUpdateCheck = 1140;
				LastUpgradeCheck = 1140;
				ORGANIZATIONNAME = "Marc Boanas";
				TargetAttributes = {
					6F6D357E2472BCA500540366 = {
						CreatedOnToolsVersion = 11.4.1;
					};
					6F6D35972472BCB000540366 = {
						CreatedOnToolsVersion = 11.4.1;
						TestTargetID = 6F6D357E2472BCA500540366;
					};
					6F6D35A22472BCB000540366 = {
						CreatedOnToolsVersion = 11.4.1;
						TestTargetID = 6F6D357E2472BCA500540366;
					};
				};
			};
			buildConfigurationList = 6F6D357A2472BCA500540366 /* Build configuration list for PBXProject "QuizTap" */;
			compatibilityVersion = "Xcode 9.3";
			developmentRegion = en;
			hasScannedForEncodings = 0;
			knownRegions = (
				en,
				Base,
			);
			mainGroup = 6F6D35762472BCA500540366;
			productRefGroup = 6F6D35802472BCA500540366 /* Products */;
			projectDirPath = "";
			projectRoot = "";
			targets = (
				6F6D357E2472BCA500540366 /* QuizTap */,
				6F6D35972472BCB000540366 /* QuizTapTests */,
				6F6D35A22472BCB000540366 /* QuizTapUITests */,
			);
		};
/* End PBXProject section */

/* Begin PBXResourcesBuildPhase section */
		6F6D357D2472BCA500540366 /* Resources */ = {
			isa = PBXResourcesBuildPhase;
			buildActionMask = 2147483647;
			files = (
				6F6D35922472BCB000540366 /* LaunchScreen.storyboard in Resources */,
				6F6D358F2472BCB000540366 /* Preview Assets.xcassets in Resources */,
				6F6D358C2472BCB000540366 /* Assets.xcassets in Resources */,
			);
			runOnlyForDeploymentPostprocessing = 0;
		};
		6F6D35962472BCB000540366 /* Resources */ = {
			isa = PBXResourcesBuildPhase;
			buildActionMask = 2147483647;
			files = (
			);
			runOnlyForDeploymentPostprocessing = 0;
		};
		6F6D35A12472BCB000540366 /* Resources */ = {
			isa = PBXResourcesBuildPhase;
			buildActionMask = 2147483647;
			files = (
			);
			runOnlyForDeploymentPostprocessing = 0;
		};
/* End PBXResourcesBuildPhase section */

/* Begin PBXSourcesBuildPhase section */
		6F6D357B2472BCA500540366 /* Sources */ = {
			isa = PBXSourcesBuildPhase;
			buildActionMask = 2147483647;
			files = (
				6F6D35832472BCA500540366 /* AppDelegate.swift in Sources */,
				6F6D35882472BCA500540366 /* QuizTap.xcdatamodeld in Sources */,
				6F6D358A2472BCA500540366 /* ContentView.swift in Sources */,
				6F6D35852472BCA500540366 /* SceneDelegate.swift in Sources */,
			);
			runOnlyForDeploymentPostprocessing = 0;
		};
		6F6D35942472BCB000540366 /* Sources */ = {
			isa = PBXSourcesBuildPhase;
			buildActionMask = 2147483647;
			files = (
				6F6D359D2472BCB000540366 /* QuizTapTests.swift in Sources */,
			);
			runOnlyForDeploymentPostprocessing = 0;
		};
		6F6D359F2472BCB000540366 /* Sources */ = {
			isa = PBXSourcesBuildPhase;
			buildActionMask = 2147483647;
			files = (
				6F6D35A82472BCB000540366 /* QuizTapUITests.swift in Sources */,
			);
			runOnlyForDeploymentPostprocessing = 0;
		};
/* End PBXSourcesBuildPhase section */

/* Begin PBXTargetDependency section */
		6F6D359A2472BCB000540366 /* PBXTargetDependency */ = {
			isa = PBXTargetDependency;
			target = 6F6D357E2472BCA500540366 /* QuizTap */;
			targetProxy = 6F6D35992472BCB000540366 /* PBXContainerItemProxy */;
		};
		6F6D35A52472BCB000540366 /* PBXTargetDependency */ = {
			isa = PBXTargetDependency;
			target = 6F6D357E2472BCA500540366 /* QuizTap */;
			targetProxy = 6F6D35A42472BCB000540366 /* PBXContainerItemProxy */;
		};
/* End PBXTargetDependency section */

/* Begin PBXVariantGroup section */
		6F6D35902472BCB000540366 /* LaunchScreen.storyboard */ = {
			isa = PBXVariantGroup;
			children = (
				6F6D35912472BCB000540366 /* Base */,
			);
			name = LaunchScreen.storyboard;
			sourceTree = "<group>";
		};
/* End PBXVariantGroup section */

/* Begin XCBuildConfiguration section */
		6F6D35AA2472BCB000540366 /* Debug */ = {
			isa = XCBuildConfiguration;
			buildSettings = {
				ALWAYS_SEARCH_USER_PATHS = NO;
				CLANG_ANALYZER_NONNULL = YES;
				CLANG_ANALYZER_NUMBER_OBJECT_CONVERSION = YES_AGGRESSIVE;
				CLANG_CXX_LANGUAGE_STANDARD = "gnu++14";
				CLANG_CXX_LIBRARY = "libc++";
				CLANG_ENABLE_MODULES = YES;
				CLANG_ENABLE_OBJC_ARC = YES;
				CLANG_ENABLE_OBJC_WEAK = YES;
				CLANG_WARN_BLOCK_CAPTURE_AUTORELEASING = YES;
				CLANG_WARN_BOOL_CONVERSION = YES;
				CLANG_WARN_COMMA = YES;
				CLANG_WARN_CONSTANT_CONVERSION = YES;
				CLANG_WARN_DEPRECATED_OBJC_IMPLEMENTATIONS = YES;
				CLANG_WARN_DIRECT_OBJC_ISA_USAGE = YES_ERROR;
				CLANG_WARN_DOCUMENTATION_COMMENTS = YES;
				CLANG_WARN_EMPTY_BODY = YES;
				CLANG_WARN_ENUM_CONVERSION = YES;
				CLANG_WARN_INFINITE_RECURSION = YES;
				CLANG_WARN_INT_CONVERSION = YES;
				CLANG_WARN_NON_LITERAL_NULL_CONVERSION = YES;
				CLANG_WARN_OBJC_IMPLICIT_RETAIN_SELF = YES;
				CLANG_WARN_OBJC_LITERAL_CONVERSION = YES;
				CLANG_WARN_OBJC_ROOT_CLASS = YES_ERROR;
				CLANG_WARN_RANGE_LOOP_ANALYSIS = YES;
				CLANG_WARN_STRICT_PROTOTYPES = YES;
				CLANG_WARN_SUSPICIOUS_MOVE = YES;
				CLANG_WARN_UNGUARDED_AVAILABILITY = YES_AGGRESSIVE;
				CLANG_WARN_UNREACHABLE_CODE = YES;
				CLANG_WARN__DUPLICATE_METHOD_MATCH = YES;
				COPY_PHASE_STRIP = NO;
				DEBUG_INFORMATION_FORMAT = dwarf;
				ENABLE_STRICT_OBJC_MSGSEND = YES;
				ENABLE_TESTABILITY = YES;
				GCC_C_LANGUAGE_STANDARD = gnu11;
				GCC_DYNAMIC_NO_PIC = NO;
				GCC_NO_COMMON_BLOCKS = YES;
				GCC_OPTIMIZATION_LEVEL = 0;
				GCC_PREPROCESSOR_DEFINITIONS = (
					"DEBUG=1",
					"$(inherited)",
				);
				GCC_WARN_64_TO_32_BIT_CONVERSION = YES;
				GCC_WARN_ABOUT_RETURN_TYPE = YES_ERROR;
				GCC_WARN_UNDECLARED_SELECTOR = YES;
				GCC_WARN_UNINITIALIZED_AUTOS = YES_AGGRESSIVE;
				GCC_WARN_UNUSED_FUNCTION = YES;
				GCC_WARN_UNUSED_VARIABLE = YES;
				IPHONEOS_DEPLOYMENT_TARGET = 13.4;
				MTL_ENABLE_DEBUG_INFO = INCLUDE_SOURCE;
				MTL_FAST_MATH = YES;
				ONLY_ACTIVE_ARCH = YES;
				SDKROOT = iphoneos;
				SWIFT_ACTIVE_COMPILATION_CONDITIONS = DEBUG;
				SWIFT_OPTIMIZATION_LEVEL = "-Onone";
			};
			name = Debug;
		};
		6F6D35AB2472BCB000540366 /* Release */ = {
			isa = XCBuildConfiguration;
			buildSettings = {
				ALWAYS_SEARCH_USER_PATHS = NO;
				CLANG_ANALYZER_NONNULL = YES;
				CLANG_ANALYZER_NUMBER_OBJECT_CONVERSION = YES_AGGRESSIVE;
				CLANG_CXX_LANGUAGE_STANDARD = "gnu++14";
				CLANG_CXX_LIBRARY = "libc++";
				CLANG_ENABLE_MODULES = YES;
				CLANG_ENABLE_OBJC_ARC = YES;
				CLANG_ENABLE_OBJC_WEAK = YES;
				CLANG_WARN_BLOCK_CAPTURE_AUTORELEASING = YES;
				CLANG_WARN_BOOL_CONVERSION = YES;
				CLANG_WARN_COMMA = YES;
				CLANG_WARN_CONSTANT_CONVERSION = YES;
				CLANG_WARN_DEPRECATED_OBJC_IMPLEMENTATIONS = YES;
				CLANG_WARN_DIRECT_OBJC_ISA_USAGE = YES_ERROR;
				CLANG_WARN_DOCUMENTATION_COMMENTS = YES;
				CLANG_WARN_EMPTY_BODY = YES;
				CLANG_WARN_ENUM_CONVERSION = YES;
				CLANG_WARN_INFINITE_RECURSION = YES;
				CLANG_WARN_INT_CONVERSION = YES;
				CLANG_WARN_NON_LITERAL_NULL_CONVERSION = YES;
				CLANG_WARN_OBJC_IMPLICIT_RETAIN_SELF = YES;
				CLANG_WARN_OBJC_LITERAL_CONVERSION = YES;
				CLANG_WARN_OBJC_ROOT_CLASS = YES_ERROR;
				CLANG_WARN_RANGE_LOOP_ANALYSIS = YES;
				CLANG_WARN_STRICT_PROTOTYPES = YES;
				CLANG_WARN_SUSPICIOUS_MOVE = YES;
				CLANG_WARN_UNGUARDED_AVAILABILITY = YES_AGGRESSIVE;
				CLANG_WARN_UNREACHABLE_CODE = YES;
				CLANG_WARN__DUPLICATE_METHOD_MATCH = YES;
				COPY_PHASE_STRIP = NO;
				DEBUG_INFORMATION_FORMAT = "dwarf-with-dsym";
				ENABLE_NS_ASSERTIONS = NO;
				ENABLE_STRICT_OBJC_MSGSEND = YES;
				GCC_C_LANGUAGE_STANDARD = gnu11;
				GCC_NO_COMMON_BLOCKS = YES;
				GCC_WARN_64_TO_32_BIT_CONVERSION = YES;
				GCC_WARN_ABOUT_RETURN_TYPE = YES_ERROR;
				GCC_WARN_UNDECLARED_SELECTOR = YES;
				GCC_WARN_UNINITIALIZED_AUTOS = YES_AGGRESSIVE;
				GCC_WARN_UNUSED_FUNCTION = YES;
				GCC_WARN_UNUSED_VARIABLE = YES;
				IPHONEOS_DEPLOYMENT_TARGET = 13.4;
				MTL_ENABLE_DEBUG_INFO = NO;
				MTL_FAST_MATH = YES;
				SDKROOT = iphoneos;
				SWIFT_COMPILATION_MODE = wholemodule;
				SWIFT_OPTIMIZATION_LEVEL = "-O";
				VALIDATE_PRODUCT = YES;
			};
			name = Release;
		};
		6F6D35AD2472BCB000540366 /* Debug */ = {
			isa = XCBuildConfiguration;
			buildSettings = {
				ASSETCATALOG_COMPILER_APPICON_NAME = AppIcon;
				CODE_SIGN_STYLE = Automatic;
				DEVELOPMENT_ASSET_PATHS = "\"QuizTap/Preview Content\"";
				DEVELOPMENT_TEAM = KC3W5NG592;
				ENABLE_PREVIEWS = YES;
				INFOPLIST_FILE = QuizTap/Info.plist;
				LD_RUNPATH_SEARCH_PATHS = (
					"$(inherited)",
					"@executable_path/Frameworks",
				);
				PRODUCT_BUNDLE_IDENTIFIER = m.boanas.QuizTap;
				PRODUCT_NAME = "$(TARGET_NAME)";
				SWIFT_VERSION = 5.0;
				TARGETED_DEVICE_FAMILY = "1,2";
			};
			name = Debug;
		};
		6F6D35AE2472BCB000540366 /* Release */ = {
			isa = XCBuildConfiguration;
			buildSettings = {
				ASSETCATALOG_COMPILER_APPICON_NAME = AppIcon;
				CODE_SIGN_STYLE = Automatic;
				DEVELOPMENT_ASSET_PATHS = "\"QuizTap/Preview Content\"";
				DEVELOPMENT_TEAM = KC3W5NG592;
				ENABLE_PREVIEWS = YES;
				INFOPLIST_FILE = QuizTap/Info.plist;
				LD_RUNPATH_SEARCH_PATHS = (
					"$(inherited)",
					"@executable_path/Frameworks",
				);
				PRODUCT_BUNDLE_IDENTIFIER = m.boanas.QuizTap;
				PRODUCT_NAME = "$(TARGET_NAME)";
				SWIFT_VERSION = 5.0;
				TARGETED_DEVICE_FAMILY = "1,2";
			};
			name = Release;
		};
		6F6D35B02472BCB000540366 /* Debug */ = {
			isa = XCBuildConfiguration;
			buildSettings = {
				ALWAYS_EMBED_SWIFT_STANDARD_LIBRARIES = YES;
				BUNDLE_LOADER = "$(TEST_HOST)";
				CODE_SIGN_STYLE = Automatic;
				DEVELOPMENT_TEAM = KC3W5NG592;
				INFOPLIST_FILE = QuizTapTests/Info.plist;
				IPHONEOS_DEPLOYMENT_TARGET = 13.4;
				LD_RUNPATH_SEARCH_PATHS = (
					"$(inherited)",
					"@executable_path/Frameworks",
					"@loader_path/Frameworks",
				);
				PRODUCT_BUNDLE_IDENTIFIER = m.boanas.QuizTapTests;
				PRODUCT_NAME = "$(TARGET_NAME)";
				SWIFT_VERSION = 5.0;
				TARGETED_DEVICE_FAMILY = "1,2";
				TEST_HOST = "$(BUILT_PRODUCTS_DIR)/QuizTap.app/QuizTap";
			};
			name = Debug;
		};
		6F6D35B12472BCB000540366 /* Release */ = {
			isa = XCBuildConfiguration;
			buildSettings = {
				ALWAYS_EMBED_SWIFT_STANDARD_LIBRARIES = YES;
				BUNDLE_LOADER = "$(TEST_HOST)";
				CODE_SIGN_STYLE = Automatic;
				DEVELOPMENT_TEAM = KC3W5NG592;
				INFOPLIST_FILE = QuizTapTests/Info.plist;
				IPHONEOS_DEPLOYMENT_TARGET = 13.4;
				LD_RUNPATH_SEARCH_PATHS = (
					"$(inherited)",
					"@executable_path/Frameworks",
					"@loader_path/Frameworks",
				);
				PRODUCT_BUNDLE_IDENTIFIER = m.boanas.QuizTapTests;
				PRODUCT_NAME = "$(TARGET_NAME)";
				SWIFT_VERSION = 5.0;
				TARGETED_DEVICE_FAMILY = "1,2";
				TEST_HOST = "$(BUILT_PRODUCTS_DIR)/QuizTap.app/QuizTap";
			};
			name = Release;
		};
		6F6D35B32472BCB000540366 /* Debug */ = {
			isa = XCBuildConfiguration;
			buildSettings = {
				ALWAYS_EMBED_SWIFT_STANDARD_LIBRARIES = YES;
				CODE_SIGN_STYLE = Automatic;
				DEVELOPMENT_TEAM = KC3W5NG592;
				INFOPLIST_FILE = QuizTapUITests/Info.plist;
				LD_RUNPATH_SEARCH_PATHS = (
					"$(inherited)",
					"@executable_path/Frameworks",
					"@loader_path/Frameworks",
				);
				PRODUCT_BUNDLE_IDENTIFIER = m.boanas.QuizTapUITests;
				PRODUCT_NAME = "$(TARGET_NAME)";
				SWIFT_VERSION = 5.0;
				TARGETED_DEVICE_FAMILY = "1,2";
				TEST_TARGET_NAME = QuizTap;
			};
			name = Debug;
		};
		6F6D35B42472BCB000540366 /* Release */ = {
			isa = XCBuildConfiguration;
			buildSettings = {
				ALWAYS_EMBED_SWIFT_STANDARD_LIBRARIES = YES;
				CODE_SIGN_STYLE = Automatic;
				DEVELOPMENT_TEAM = KC3W5NG592;
				INFOPLIST_FILE = QuizTapUITests/Info.plist;
				LD_RUNPATH_SEARCH_PATHS = (
					"$(inherited)",
					"@executable_path/Frameworks",
					"@loader_path/Frameworks",
				);
				PRODUCT_BUNDLE_IDENTIFIER = m.boanas.QuizTapUITests;
				PRODUCT_NAME = "$(TARGET_NAME)";
				SWIFT_VERSION = 5.0;
				TARGETED_DEVICE_FAMILY = "1,2";
				TEST_TARGET_NAME = QuizTap;
			};
			name = Release;
		};
/* End XCBuildConfiguration section */

/* Begin XCConfigurationList section */
		6F6D357A2472BCA500540366 /* Build configuration list for PBXProject "QuizTap" */ = {
			isa = XCConfigurationList;
			buildConfigurations = (
				6F6D35AA2472BCB000540366 /* Debug */,
				6F6D35AB2472BCB000540366 /* Release */,
			);
			defaultConfigurationIsVisible = 0;
			defaultConfigurationName = Release;
		};
		6F6D35AC2472BCB000540366 /* Build configuration list for PBXNativeTarget "QuizTap" */ = {
			isa = XCConfigurationList;
			buildConfigurations = (
				6F6D35AD2472BCB000540366 /* Debug */,
				6F6D35AE2472BCB000540366 /* Release */,
			);
			defaultConfigurationIsVisible = 0;
			defaultConfigurationName = Release;
		};
		6F6D35AF2472BCB000540366 /* Build configuration list for PBXNativeTarget "QuizTapTests" */ = {
			isa = XCConfigurationList;
			buildConfigurations = (
				6F6D35B02472BCB000540366 /* Debug */,
				6F6D35B12472BCB000540366 /* Release */,
			);
			defaultConfigurationIsVisible = 0;
			defaultConfigurationName = Release;
		};
		6F6D35B22472BCB000540366 /* Build configuration list for PBXNativeTarget "QuizTapUITests" */ = {
			isa = XCConfigurationList;
			buildConfigurations = (
				6F6D35B32472BCB000540366 /* Debug */,
				6F6D35B42472BCB000540366 /* Release */,
			);
			defaultConfigurationIsVisible = 0;
			defaultConfigurationName = Release;
		};
/* End XCConfigurationList section */

/* Begin XCVersionGroup section */
		6F6D35862472BCA500540366 /* QuizTap.xcdatamodeld */ = {
			isa = XCVersionGroup;
			children = (
				6F6D35872472BCA500540366 /* QuizTap.xcdatamodel */,
			);
			currentVersion = 6F6D35872472BCA500540366 /* QuizTap.xcdatamodel */;
			path = QuizTap.xcdatamodeld;
			sourceTree = "<group>";
			versionGroupType = wrapper.xcdatamodel;
		};
/* End XCVersionGroup section */
	};
	rootObject = 6F6D35772472BCA500540366 /* Project object */;
}
